PODS:
  - MBProgressHUD (1.1.0)
  - SKYWebView (1):
    - MBProgressHUD

DEPENDENCIES:
  - SKYWebView (from `https://github.com/latorex12/SKYWebView.git`)

EXTERNAL SOURCES:
  SKYWebView:
    :git: https://github.com/latorex12/SKYWebView.git

CHECKOUT OPTIONS:
  SKYWebView:
    :commit: f8d7f59da318d0ac2515e507e964199561581ab6
    :git: https://github.com/latorex12/SKYWebView.git

SPEC CHECKSUMS:
  MBProgressHUD: e7baa36a220447d8aeb12769bf0585582f3866d9
  SKYWebView: eaa5dac1e0e9edd79925fea551bbacf1836c073c

PODFILE CHECKSUM: d9a938367339a50d6edc8bdafe4de20c2624508e

COCOAPODS: 1.2.1
