// !$*UTF8*$!
{
	archiveVersion = 1;
	classes = {
	};
	objectVersion = 48;
	objects = {

/* Begin PBXBuildFile section */
		238F0B082015B69900CAEAFC /* AppDelegate.swift in Sources */ = {isa = PBXBuildFile; fileRef = 238F0B072015B69900CAEAFC /* AppDelegate.swift */; };
		238F0B0A2015B69900CAEAFC /* ViewController.swift in Sources */ = {isa = PBXBuildFile; fileRef = 238F0B092015B69900CAEAFC /* ViewController.swift */; };
		238F0B0D2015B69900CAEAFC /* Main.storyboard in Resources */ = {isa = PBXBuildFile; fileRef = 238F0B0B2015B69900CAEAFC /* Main.storyboard */; };
		238F0B0F2015B69900CAEAFC /* Assets.xcassets in Resources */ = {isa = PBXBuildFile; fileRef = 238F0B0E2015B69900CAEAFC /* Assets.xcassets */; };
		238F0B122015B69900CAEAFC /* LaunchScreen.storyboard in Resources */ = {isa = PBXBuildFile; fileRef = 238F0B102015B69900CAEAFC /* LaunchScreen.storyboard */; };
		238F0B1D2015B69900CAEAFC /* FastlaneDemoTests.swift in Sources */ = {isa = PBXBuildFile; fileRef = 238F0B1C2015B69900CAEAFC /* FastlaneDemoTests.swift */; };
		238F0B282015B69A00CAEAFC /* FastlaneDemoUITests.swift in Sources */ = {isa = PBXBuildFile; fileRef = 238F0B272015B69A00CAEAFC /* FastlaneDemoUITests.swift */; };
/* End PBXBuildFile section */

/* Begin PBXContainerItemProxy section */
		238F0B192015B69900CAEAFC /* PBXContainerItemProxy */ = {
			isa = PBXContainerItemProxy;
			containerPortal = 238F0AFC2015B69900CAEAFC /* Project object */;
			proxyType = 1;
			remoteGlobalIDString = 238F0B032015B69900CAEAFC;
			remoteInfo = FastlaneDemo;
		};
		238F0B242015B69A00CAEAFC /* PBXContainerItemProxy */ = {
			isa = PBXContainerItemProxy;
			containerPortal = 238F0AFC2015B69900CAEAFC /* Project object */;
			proxyType = 1;
			remoteGlobalIDString = 238F0B032015B69900CAEAFC;
			remoteInfo = FastlaneDemo;
		};
/* End PBXContainerItemProxy section */

/* Begin PBXFileReference section */
		238F0B042015B69900CAEAFC /* FastlaneDemo.app */ = {isa = PBXFileReference; explicitFileType = wrapper.application; includeInIndex = 0; path = FastlaneDemo.app; sourceTree = BUILT_PRODUCTS_DIR; };
		238F0B072015B69900CAEAFC /* AppDelegate.swift */ = {isa = PBXFileReference; lastKnownFileType = sourcecode.swift; path = AppDelegate.swift; sourceTree = "<group>"; };
		238F0B092015B69900CAEAFC /* ViewController.swift */ = {isa = PBXFileReference; lastKnownFileType = sourcecode.swift; path = ViewController.swift; sourceTree = "<group>"; };
		238F0B0C2015B69900CAEAFC /* Base */ = {isa = PBXFileReference; lastKnownFileType = file.storyboard; name = Base; path = Base.lproj/Main.storyboard; sourceTree = "<group>"; };
		238F0B0E2015B69900CAEAFC /* Assets.xcassets */ = {isa = PBXFileReference; lastKnownFileType = folder.assetcatalog; path = Assets.xcassets; sourceTree = "<group>"; };
		238F0B112015B69900CAEAFC /* Base */ = {isa = PBXFileReference; lastKnownFileType = file.storyboard; name = Base; path = Base.lproj/LaunchScreen.storyboard; sourceTree = "<group>"; };
		238F0B132015B69900CAEAFC /* Info.plist */ = {isa = PBXFileReference; lastKnownFileType = text.plist.xml; path = Info.plist; sourceTree = "<group>"; };
		238F0B182015B69900CAEAFC /* FastlaneDemoTests.xctest */ = {isa = PBXFileReference; explicitFileType = wrapper.cfbundle; includeInIndex = 0; path = FastlaneDemoTests.xctest; sourceTree = BUILT_PRODUCTS_DIR; };
		238F0B1C2015B69900CAEAFC /* FastlaneDemoTests.swift */ = {isa = PBXFileReference; lastKnownFileType = sourcecode.swift; path = FastlaneDemoTests.swift; sourceTree = "<group>"; };
		238F0B1E2015B69900CAEAFC /* Info.plist */ = {isa = PBXFileReference; lastKnownFileType = text.plist.xml; path = Info.plist; sourceTree = "<group>"; };
		238F0B232015B69A00CAEAFC /* FastlaneDemoUITests.xctest */ = {isa = PBXFileReference; explicitFileType = wrapper.cfbundle; includeInIndex = 0; path = FastlaneDemoUITests.xctest; sourceTree = BUILT_PRODUCTS_DIR; };
		238F0B272015B69A00CAEAFC /* FastlaneDemoUITests.swift */ = {isa = PBXFileReference; lastKnownFileType = sourcecode.swift; path = FastlaneDemoUITests.swift; sourceTree = "<group>"; };
		238F0B292015B69A00CAEAFC /* Info.plist */ = {isa = PBXFileReference; lastKnownFileType = text.plist.xml; path = Info.plist; sourceTree = "<group>"; };
/* End PBXFileReference section */

/* Begin PBXFrameworksBuildPhase section */
		238F0B012015B69900CAEAFC /* Frameworks */ = {
			isa = PBXFrameworksBuildPhase;
			buildActionMask = 2147483647;
			files = (
			);
			runOnlyForDeploymentPostprocessing = 0;
		};
		238F0B152015B69900CAEAFC /* Frameworks */ = {
			isa = PBXFrameworksBuildPhase;
			buildActionMask = 2147483647;
			files = (
			);
			runOnlyForDeploymentPostprocessing = 0;
		};
		238F0B202015B69A00CAEAFC /* Frameworks */ = {
			isa = PBXFrameworksBuildPhase;
			buildActionMask = 2147483647;
			files = (
			);
			runOnlyForDeploymentPostprocessing = 0;
		};
/* End PBXFrameworksBuildPhase section */

/* Begin PBXGroup section */
		238F0AFB2015B69900CAEAFC = {
			isa = PBXGroup;
			children = (
				238F0B062015B69900CAEAFC /* FastlaneDemo */,
				238F0B1B2015B69900CAEAFC /* FastlaneDemoTests */,
				238F0B262015B69A00CAEAFC /* FastlaneDemoUITests */,
				238F0B052015B69900CAEAFC /* Products */,
			);
			sourceTree = "<group>";
		};
		238F0B052015B69900CAEAFC /* Products */ = {
			isa = PBXGroup;
			children = (
				238F0B042015B69900CAEAFC /* FastlaneDemo.app */,
				238F0B182015B69900CAEAFC /* FastlaneDemoTests.xctest */,
				238F0B232015B69A00CAEAFC /* FastlaneDemoUITests.xctest */,
			);
			name = Products;
			sourceTree = "<group>";
		};
		238F0B062015B69900CAEAFC /* FastlaneDemo */ = {
			isa = PBXGroup;
			children = (
				238F0B072015B69900CAEAFC /* AppDelegate.swift */,
				238F0B092015B69900CAEAFC /* ViewController.swift */,
				238F0B0B2015B69900CAEAFC /* Main.storyboard */,
				238F0B0E2015B69900CAEAFC /* Assets.xcassets */,
				238F0B102015B69900CAEAFC /* LaunchScreen.storyboard */,
				238F0B132015B69900CAEAFC /* Info.plist */,
			);
			path = FastlaneDemo;
			sourceTree = "<group>";
		};
		238F0B1B2015B69900CAEAFC /* FastlaneDemoTests */ = {
			isa = PBXGroup;
			children = (
				238F0B1C2015B69900CAEAFC /* FastlaneDemoTests.swift */,
				238F0B1E2015B69900CAEAFC /* Info.plist */,
			);
			path = FastlaneDemoTests;
			sourceTree = "<group>";
		};
		238F0B262015B69A00CAEAFC /* FastlaneDemoUITests */ = {
			isa = PBXGroup;
			children = (
				238F0B272015B69A00CAEAFC /* FastlaneDemoUITests.swift */,
				238F0B292015B69A00CAEAFC /* Info.plist */,
			);
			path = FastlaneDemoUITests;
			sourceTree = "<group>";
		};
/* End PBXGroup section */

/* Begin PBXNativeTarget section */
		238F0B032015B69900CAEAFC /* FastlaneDemo */ = {
			isa = PBXNativeTarget;
			buildConfigurationList = 238F0B2C2015B69A00CAEAFC /* Build configuration list for PBXNativeTarget "FastlaneDemo" */;
			buildPhases = (
				238F0B002015B69900CAEAFC /* Sources */,
				238F0B012015B69900CAEAFC /* Frameworks */,
				238F0B022015B69900CAEAFC /* Resources */,
			);
			buildRules = (
			);
			dependencies = (
			);
			name = FastlaneDemo;
			productName = FastlaneDemo;
			productReference = 238F0B042015B69900CAEAFC /* FastlaneDemo.app */;
			productType = "com.apple.product-type.application";
		};
		238F0B172015B69900CAEAFC /* FastlaneDemoTests */ = {
			isa = PBXNativeTarget;
			buildConfigurationList = 238F0B2F2015B69A00CAEAFC /* Build configuration list for PBXNativeTarget "FastlaneDemoTests" */;
			buildPhases = (
				238F0B142015B69900CAEAFC /* Sources */,
				238F0B152015B69900CAEAFC /* Frameworks */,
				238F0B162015B69900CAEAFC /* Resources */,
			);
			buildRules = (
			);
			dependencies = (
				238F0B1A2015B69900CAEAFC /* PBXTargetDependency */,
			);
			name = FastlaneDemoTests;
			productName = FastlaneDemoTests;
			productReference = 238F0B182015B69900CAEAFC /* FastlaneDemoTests.xctest */;
			productType = "com.apple.product-type.bundle.unit-test";
		};
		238F0B222015B69A00CAEAFC /* FastlaneDemoUITests */ = {
			isa = PBXNativeTarget;
			buildConfigurationList = 238F0B322015B69A00CAEAFC /* Build configuration list for PBXNativeTarget "FastlaneDemoUITests" */;
			buildPhases = (
				238F0B1F2015B69A00CAEAFC /* Sources */,
				238F0B202015B69A00CAEAFC /* Frameworks */,
				238F0B212015B69A00CAEAFC /* Resources */,
			);
			buildRules = (
			);
			dependencies = (
				238F0B252015B69A00CAEAFC /* PBXTargetDependency */,
			);
			name = FastlaneDemoUITests;
			productName = FastlaneDemoUITests;
			productReference = 238F0B232015B69A00CAEAFC /* FastlaneDemoUITests.xctest */;
			productType = "com.apple.product-type.bundle.ui-testing";
		};
/* End PBXNativeTarget section */

/* Begin PBXProject section */
		238F0AFC2015B69900CAEAFC /* Project object */ = {
			isa = PBXProject;
			attributes = {
				LastSwiftUpdateCheck = 0920;
				LastUpgradeCheck = 0920;
				ORGANIZATIONNAME = SkyRim;
				TargetAttributes = {
					238F0B032015B69900CAEAFC = {
						CreatedOnToolsVersion = 9.2;
						ProvisioningStyle = Automatic;
					};
					238F0B172015B69900CAEAFC = {
						CreatedOnToolsVersion = 9.2;
						ProvisioningStyle = Automatic;
						TestTargetID = 238F0B032015B69900CAEAFC;
					};
					238F0B222015B69A00CAEAFC = {
						CreatedOnToolsVersion = 9.2;
						ProvisioningStyle = Automatic;
						TestTargetID = 238F0B032015B69900CAEAFC;
					};
				};
			};
			buildConfigurationList = 238F0AFF2015B69900CAEAFC /* Build configuration list for PBXProject "FastlaneDemo" */;
			compatibilityVersion = "Xcode 8.0";
			developmentRegion = en;
			hasScannedForEncodings = 0;
			knownRegions = (
				en,
				Base,
			);
			mainGroup = 238F0AFB2015B69900CAEAFC;
			productRefGroup = 238F0B052015B69900CAEAFC /* Products */;
			projectDirPath = "";
			projectRoot = "";
			targets = (
				238F0B032015B69900CAEAFC /* FastlaneDemo */,
				238F0B172015B69900CAEAFC /* FastlaneDemoTests */,
				238F0B222015B69A00CAEAFC /* FastlaneDemoUITests */,
			);
		};
/* End PBXProject section */

/* Begin PBXResourcesBuildPhase section */
		238F0B022015B69900CAEAFC /* Resources */ = {
			isa = PBXResourcesBuildPhase;
			buildActionMask = 2147483647;
			files = (
				238F0B122015B69900CAEAFC /* LaunchScreen.storyboard in Resources */,
				238F0B0F2015B69900CAEAFC /* Assets.xcassets in Resources */,
				238F0B0D2015B69900CAEAFC /* Main.storyboard in Resources */,
			);
			runOnlyForDeploymentPostprocessing = 0;
		};
		238F0B162015B69900CAEAFC /* Resources */ = {
			isa = PBXResourcesBuildPhase;
			buildActionMask = 2147483647;
			files = (
			);
			runOnlyForDeploymentPostprocessing = 0;
		};
		238F0B212015B69A00CAEAFC /* Resources */ = {
			isa = PBXResourcesBuildPhase;
			buildActionMask = 2147483647;
			files = (
			);
			runOnlyForDeploymentPostprocessing = 0;
		};
/* End PBXResourcesBuildPhase section */

/* Begin PBXSourcesBuildPhase section */
		238F0B002015B69900CAEAFC /* Sources */ = {
			isa = PBXSourcesBuildPhase;
			buildActionMask = 2147483647;
			files = (
				238F0B0A2015B69900CAEAFC /* ViewController.swift in Sources */,
				238F0B082015B69900CAEAFC /* AppDelegate.swift in Sources */,
			);
			runOnlyForDeploymentPostprocessing = 0;
		};
		238F0B142015B69900CAEAFC /* Sources */ = {
			isa = PBXSourcesBuildPhase;
			buildActionMask = 2147483647;
			files = (
				238F0B1D2015B69900CAEAFC /* FastlaneDemoTests.swift in Sources */,
			);
			runOnlyForDeploymentPostprocessing = 0;
		};
		238F0B1F2015B69A00CAEAFC /* Sources */ = {
			isa = PBXSourcesBuildPhase;
			buildActionMask = 2147483647;
			files = (
				238F0B282015B69A00CAEAFC /* FastlaneDemoUITests.swift in Sources */,
			);
			runOnlyForDeploymentPostprocessing = 0;
		};
/* End PBXSourcesBuildPhase section */

/* Begin PBXTargetDependency section */
		238F0B1A2015B69900CAEAFC /* PBXTargetDependency */ = {
			isa = PBXTargetDependency;
			target = 238F0B032015B69900CAEAFC /* FastlaneDemo */;
			targetProxy = 238F0B192015B69900CAEAFC /* PBXContainerItemProxy */;
		};
		238F0B252015B69A00CAEAFC /* PBXTargetDependency */ = {
			isa = PBXTargetDependency;
			target = 238F0B032015B69900CAEAFC /* FastlaneDemo */;
			targetProxy = 238F0B242015B69A00CAEAFC /* PBXContainerItemProxy */;
		};
/* End PBXTargetDependency section */

/* Begin PBXVariantGroup section */
		238F0B0B2015B69900CAEAFC /* Main.storyboard */ = {
			isa = PBXVariantGroup;
			children = (
				238F0B0C2015B69900CAEAFC /* Base */,
			);
			name = Main.storyboard;
			sourceTree = "<group>";
		};
		238F0B102015B69900CAEAFC /* LaunchScreen.storyboard */ = {
			isa = PBXVariantGroup;
			children = (
				238F0B112015B69900CAEAFC /* Base */,
			);
			name = LaunchScreen.storyboard;
			sourceTree = "<group>";
		};
/* End PBXVariantGroup section */

/* Begin XCBuildConfiguration section */
		238F0B2A2015B69A00CAEAFC /* Debug */ = {
			isa = XCBuildConfiguration;
			buildSettings = {
				ALWAYS_SEARCH_USER_PATHS = NO;
				CLANG_ANALYZER_NONNULL = YES;
				CLANG_ANALYZER_NUMBER_OBJECT_CONVERSION = YES_AGGRESSIVE;
				CLANG_CXX_LANGUAGE_STANDARD = "gnu++14";
				CLANG_CXX_LIBRARY = "libc++";
				CLANG_ENABLE_MODULES = YES;
				CLANG_ENABLE_OBJC_ARC = YES;
				CLANG_WARN_BLOCK_CAPTURE_AUTORELEASING = YES;
				CLANG_WARN_BOOL_CONVERSION = YES;
				CLANG_WARN_COMMA = YES;
				CLANG_WARN_CONSTANT_CONVERSION = YES;
				CLANG_WARN_DIRECT_OBJC_ISA_USAGE = YES_ERROR;
				CLANG_WARN_DOCUMENTATION_COMMENTS = YES;
				CLANG_WARN_EMPTY_BODY = YES;
				CLANG_WARN_ENUM_CONVERSION = YES;
				CLANG_WARN_INFINITE_RECURSION = YES;
				CLANG_WARN_INT_CONVERSION = YES;
				CLANG_WARN_NON_LITERAL_NULL_CONVERSION = YES;
				CLANG_WARN_OBJC_LITERAL_CONVERSION = YES;
				CLANG_WARN_OBJC_ROOT_CLASS = YES_ERROR;
				CLANG_WARN_RANGE_LOOP_ANALYSIS = YES;
				CLANG_WARN_STRICT_PROTOTYPES = YES;
				CLANG_WARN_SUSPICIOUS_MOVE = YES;
				CLANG_WARN_UNGUARDED_AVAILABILITY = YES_AGGRESSIVE;
				CLANG_WARN_UNREACHABLE_CODE = YES;
				CLANG_WARN__DUPLICATE_METHOD_MATCH = YES;
				CODE_SIGN_IDENTITY = "iPhone Developer";
				COPY_PHASE_STRIP = NO;
				DEBUG_INFORMATION_FORMAT = dwarf;
				ENABLE_STRICT_OBJC_MSGSEND = YES;
				ENABLE_TESTABILITY = YES;
				GCC_C_LANGUAGE_STANDARD = gnu11;
				GCC_DYNAMIC_NO_PIC = NO;
				GCC_NO_COMMON_BLOCKS = YES;
				GCC_OPTIMIZATION_LEVEL = 0;
				GCC_PREPROCESSOR_DEFINITIONS = (
					"DEBUG=1",
					"$(inherited)",
				);
				GCC_WARN_64_TO_32_BIT_CONVERSION = YES;
				GCC_WARN_ABOUT_RETURN_TYPE = YES_ERROR;
				GCC_WARN_UNDECLARED_SELECTOR = YES;
				GCC_WARN_UNINITIALIZED_AUTOS = YES_AGGRESSIVE;
				GCC_WARN_UNUSED_FUNCTION = YES;
				GCC_WARN_UNUSED_VARIABLE = YES;
				IPHONEOS_DEPLOYMENT_TARGET = 11.2;
				MTL_ENABLE_DEBUG_INFO = YES;
				ONLY_ACTIVE_ARCH = YES;
				SDKROOT = iphoneos;
				SWIFT_ACTIVE_COMPILATION_CONDITIONS = DEBUG;
				SWIFT_OPTIMIZATION_LEVEL = "-Onone";
			};
			name = Debug;
		};
		238F0B2B2015B69A00CAEAFC /* Release */ = {
			isa = XCBuildConfiguration;
			buildSettings = {
				ALWAYS_SEARCH_USER_PATHS = NO;
				CLANG_ANALYZER_NONNULL = YES;
				CLANG_ANALYZER_NUMBER_OBJECT_CONVERSION = YES_AGGRESSIVE;
				CLANG_CXX_LANGUAGE_STANDARD = "gnu++14";
				CLANG_CXX_LIBRARY = "libc++";
				CLANG_ENABLE_MODULES = YES;
				CLANG_ENABLE_OBJC_ARC = YES;
				CLANG_WARN_BLOCK_CAPTURE_AUTORELEASING = YES;
				CLANG_WARN_BOOL_CONVERSION = YES;
				CLANG_WARN_COMMA = YES;
				CLANG_WARN_CONSTANT_CONVERSION = YES;
				CLANG_WARN_DIRECT_OBJC_ISA_USAGE = YES_ERROR;
				CLANG_WARN_DOCUMENTATION_COMMENTS = YES;
				CLANG_WARN_EMPTY_BODY = YES;
				CLANG_WARN_ENUM_CONVERSION = YES;
				CLANG_WARN_INFINITE_RECURSION = YES;
				CLANG_WARN_INT_CONVERSION = YES;
				CLANG_WARN_NON_LITERAL_NULL_CONVERSION = YES;
				CLANG_WARN_OBJC_LITERAL_CONVERSION = YES;
				CLANG_WARN_OBJC_ROOT_CLASS = YES_ERROR;
				CLANG_WARN_RANGE_LOOP_ANALYSIS = YES;
				CLANG_WARN_STRICT_PROTOTYPES = YES;
				CLANG_WARN_SUSPICIOUS_MOVE = YES;
				CLANG_WARN_UNGUARDED_AVAILABILITY = YES_AGGRESSIVE;
				CLANG_WARN_UNREACHABLE_CODE = YES;
				CLANG_WARN__DUPLICATE_METHOD_MATCH = YES;
				CODE_SIGN_IDENTITY = "iPhone Developer";
				COPY_PHASE_STRIP = NO;
				DEBUG_INFORMATION_FORMAT = "dwarf-with-dsym";
				ENABLE_NS_ASSERTIONS = NO;
				ENABLE_STRICT_OBJC_MSGSEND = YES;
				GCC_C_LANGUAGE_STANDARD = gnu11;
				GCC_NO_COMMON_BLOCKS = YES;
				GCC_WARN_64_TO_32_BIT_CONVERSION = YES;
				GCC_WARN_ABOUT_RETURN_TYPE = YES_ERROR;
				GCC_WARN_UNDECLARED_SELECTOR = YES;
				GCC_WARN_UNINITIALIZED_AUTOS = YES_AGGRESSIVE;
				GCC_WARN_UNUSED_FUNCTION = YES;
				GCC_WARN_UNUSED_VARIABLE = YES;
				IPHONEOS_DEPLOYMENT_TARGET = 11.2;
				MTL_ENABLE_DEBUG_INFO = NO;
				SDKROOT = iphoneos;
				SWIFT_OPTIMIZATION_LEVEL = "-Owholemodule";
				VALIDATE_PRODUCT = YES;
			};
			name = Release;
		};
		238F0B2D2015B69A00CAEAFC /* Debug */ = {
			isa = XCBuildConfiguration;
			buildSettings = {
				ASSETCATALOG_COMPILER_APPICON_NAME = AppIcon;
				CODE_SIGN_STYLE = Automatic;
				DEVELOPMENT_TEAM = E4BLV3BBQ2;
				INFOPLIST_FILE = FastlaneDemo/Info.plist;
				IPHONEOS_DEPLOYMENT_TARGET = 8.2;
				LD_RUNPATH_SEARCH_PATHS = "$(inherited) @executable_path/Frameworks";
				PRODUCT_BUNDLE_IDENTIFIER = com.skyrim.FastlaneDemo;
				PRODUCT_NAME = "$(TARGET_NAME)";
				SWIFT_VERSION = 4.0;
				TARGETED_DEVICE_FAMILY = "1,2";
			};
			name = Debug;
		};
		238F0B2E2015B69A00CAEAFC /* Release */ = {
			isa = XCBuildConfiguration;
			buildSettings = {
				ASSETCATALOG_COMPILER_APPICON_NAME = AppIcon;
				CODE_SIGN_STYLE = Automatic;
				DEVELOPMENT_TEAM = E4BLV3BBQ2;
				INFOPLIST_FILE = FastlaneDemo/Info.plist;
				IPHONEOS_DEPLOYMENT_TARGET = 8.2;
				LD_RUNPATH_SEARCH_PATHS = "$(inherited) @executable_path/Frameworks";
				PRODUCT_BUNDLE_IDENTIFIER = com.skyrim.FastlaneDemo;
				PRODUCT_NAME = "$(TARGET_NAME)";
				SWIFT_VERSION = 4.0;
				TARGETED_DEVICE_FAMILY = "1,2";
			};
			name = Release;
		};
		238F0B302015B69A00CAEAFC /* Debug */ = {
			isa = XCBuildConfiguration;
			buildSettings = {
				ALWAYS_EMBED_SWIFT_STANDARD_LIBRARIES = YES;
				BUNDLE_LOADER = "$(TEST_HOST)";
				CODE_SIGN_STYLE = Automatic;
				DEVELOPMENT_TEAM = E4BLV3BBQ2;
				INFOPLIST_FILE = FastlaneDemoTests/Info.plist;
				LD_RUNPATH_SEARCH_PATHS = "$(inherited) @executable_path/Frameworks @loader_path/Frameworks";
				PRODUCT_BUNDLE_IDENTIFIER = com.skyrim.FastlaneDemoTests;
				PRODUCT_NAME = "$(TARGET_NAME)";
				SWIFT_VERSION = 4.0;
				TARGETED_DEVICE_FAMILY = "1,2";
				TEST_HOST = "$(BUILT_PRODUCTS_DIR)/FastlaneDemo.app/FastlaneDemo";
			};
			name = Debug;
		};
		238F0B312015B69A00CAEAFC /* Release */ = {
			isa = XCBuildConfiguration;
			buildSettings = {
				ALWAYS_EMBED_SWIFT_STANDARD_LIBRARIES = YES;
				BUNDLE_LOADER = "$(TEST_HOST)";
				CODE_SIGN_STYLE = Automatic;
				DEVELOPMENT_TEAM = E4BLV3BBQ2;
				INFOPLIST_FILE = FastlaneDemoTests/Info.plist;
				LD_RUNPATH_SEARCH_PATHS = "$(inherited) @executable_path/Frameworks @loader_path/Frameworks";
				PRODUCT_BUNDLE_IDENTIFIER = com.skyrim.FastlaneDemoTests;
				PRODUCT_NAME = "$(TARGET_NAME)";
				SWIFT_VERSION = 4.0;
				TARGETED_DEVICE_FAMILY = "1,2";
				TEST_HOST = "$(BUILT_PRODUCTS_DIR)/FastlaneDemo.app/FastlaneDemo";
			};
			name = Release;
		};
		238F0B332015B69A00CAEAFC /* Debug */ = {
			isa = XCBuildConfiguration;
			buildSettings = {
				ALWAYS_EMBED_SWIFT_STANDARD_LIBRARIES = YES;
				CODE_SIGN_STYLE = Automatic;
				DEVELOPMENT_TEAM = E4BLV3BBQ2;
				INFOPLIST_FILE = FastlaneDemoUITests/Info.plist;
				LD_RUNPATH_SEARCH_PATHS = "$(inherited) @executable_path/Frameworks @loader_path/Frameworks";
				PRODUCT_BUNDLE_IDENTIFIER = com.skyrim.FastlaneDemoUITests;
				PRODUCT_NAME = "$(TARGET_NAME)";
				SWIFT_VERSION = 4.0;
				TARGETED_DEVICE_FAMILY = "1,2";
				TEST_TARGET_NAME = FastlaneDemo;
			};
			name = Debug;
		};
		238F0B342015B69A00CAEAFC /* Release */ = {
			isa = XCBuildConfiguration;
			buildSettings = {
				ALWAYS_EMBED_SWIFT_STANDARD_LIBRARIES = YES;
				CODE_SIGN_STYLE = Automatic;
				DEVELOPMENT_TEAM = E4BLV3BBQ2;
				INFOPLIST_FILE = FastlaneDemoUITests/Info.plist;
				LD_RUNPATH_SEARCH_PATHS = "$(inherited) @executable_path/Frameworks @loader_path/Frameworks";
				PRODUCT_BUNDLE_IDENTIFIER = com.skyrim.FastlaneDemoUITests;
				PRODUCT_NAME = "$(TARGET_NAME)";
				SWIFT_VERSION = 4.0;
				TARGETED_DEVICE_FAMILY = "1,2";
				TEST_TARGET_NAME = FastlaneDemo;
			};
			name = Release;
		};
/* End XCBuildConfiguration section */

/* Begin XCConfigurationList section */
		238F0AFF2015B69900CAEAFC /* Build configuration list for PBXProject "FastlaneDemo" */ = {
			isa = XCConfigurationList;
			buildConfigurations = (
				238F0B2A2015B69A00CAEAFC /* Debug */,
				238F0B2B2015B69A00CAEAFC /* Release */,
			);
			defaultConfigurationIsVisible = 0;
			defaultConfigurationName = Release;
		};
		238F0B2C2015B69A00CAEAFC /* Build configuration list for PBXNativeTarget "FastlaneDemo" */ = {
			isa = XCConfigurationList;
			buildConfigurations = (
				238F0B2D2015B69A00CAEAFC /* Debug */,
				238F0B2E2015B69A00CAEAFC /* Release */,
			);
			defaultConfigurationIsVisible = 0;
			defaultConfigurationName = Release;
		};
		238F0B2F2015B69A00CAEAFC /* Build configuration list for PBXNativeTarget "FastlaneDemoTests" */ = {
			isa = XCConfigurationList;
			buildConfigurations = (
				238F0B302015B69A00CAEAFC /* Debug */,
				238F0B312015B69A00CAEAFC /* Release */,
			);
			defaultConfigurationIsVisible = 0;
			defaultConfigurationName = Release;
		};
		238F0B322015B69A00CAEAFC /* Build configuration list for PBXNativeTarget "FastlaneDemoUITests" */ = {
			isa = XCConfigurationList;
			buildConfigurations = (
				238F0B332015B69A00CAEAFC /* Debug */,
				238F0B342015B69A00CAEAFC /* Release */,
			);
			defaultConfigurationIsVisible = 0;
			defaultConfigurationName = Release;
		};
/* End XCConfigurationList section */
	};
	rootObject = 238F0AFC2015B69900CAEAFC /* Project object */;
}
