// !$*UTF8*$!
{
	archiveVersion = 1;
	classes = {
	};
	objectVersion = 48;
	objects = {

/* Begin PBXBuildFile section */
		238F0B082015B69900CAEAFC /* AppDelegate.swift in Sources */ = {isa = PBXBuildFile; fileRef = 238F0B072015B69900CAEAFC /* AppDelegate.swift */; };
		238F0B0A2015B69900CAEAFC /* ViewController.swift in Sources */ = {isa = PBXBuildFile; fileRef = 238F0B092015B69900CAEAFC /* ViewController.swift */; };
		238F0B0D2015B69900CAEAFC /* Main.storyboard in Resources */ = {isa = PBXBuildFile; fileRef = 238F0B0B2015B69900CAEAFC /* Main.storyboard */; };
		238F0B0F2015B69900CAEAFC /* Assets.xcassets in Resources */ = {isa = PBXBuildFile; fileRef = 238F0B0E2015B69900CAEAFC /* Assets.xcassets */; };
		238F0B122015B69900CAEAFC /* LaunchScreen.storyboard in Resources */ = {isa = PBXBuildFile; fileRef = 238F0B102015B69900CAEAFC /* LaunchScreen.storyboard */; };
		238F0B1D2015B69900CAEAFC /* FastlaneDemoTests.swift in Sources */ = {isa = PBXBuildFile; fileRef = 238F0B1C2015B69900CAEAFC /* FastlaneDemoTests.swift */; };
		238F0B282015B69A00CAEAFC /* FastlaneDemoUITests.swift in Sources */ = {isa = PBXBuildFile; fileRef = 238F0B272015B69A00CAEAFC /* FastlaneDemoUITests.swift */; };
		6E0CD86D37F8F55C67D31988 /* Pods_FastlaneDemoTests.framework in Frameworks */ = {isa = PBXBuildFile; fileRef = FF9DA14C2E28E6E82A35A766 /* Pods_FastlaneDemoTests.framework */; };
		727016B7E48A1F68CD150D15 /* Pods_FastlaneDemoUITests.framework in Frameworks */ = {isa = PBXBuildFile; fileRef = 8897F34900F0B47A7D6EF44F /* Pods_FastlaneDemoUITests.framework */; };
		84783FFF20173D9B00453195 /* SKYWebView.framework in Frameworks */ = {isa = PBXBuildFile; fileRef = 8478400020173D9B00453195 /* SKYWebView.framework */; };
		86BCB28B775520AE0746BC92 /* Pods_FastlaneDemo.framework in Frameworks */ = {isa = PBXBuildFile; fileRef = EDB518469E4FF025B14237F7 /* Pods_FastlaneDemo.framework */; };
/* End PBXBuildFile section */

/* Begin PBXContainerItemProxy section */
		238F0B192015B69900CAEAFC /* PBXContainerItemProxy */ = {
			isa = PBXContainerItemProxy;
			containerPortal = 238F0AFC2015B69900CAEAFC /* Project object */;
			proxyType = 1;
			remoteGlobalIDString = 238F0B032015B69900CAEAFC;
			remoteInfo = FastlaneDemo;
		};
		238F0B242015B69A00CAEAFC /* PBXContainerItemProxy */ = {
			isa = PBXContainerItemProxy;
			containerPortal = 238F0AFC2015B69900CAEAFC /* Project object */;
			proxyType = 1;
			remoteGlobalIDString = 238F0B032015B69900CAEAFC;
			remoteInfo = FastlaneDemo;
		};
/* End PBXContainerItemProxy section */

/* Begin PBXFileReference section */
		043DC2685BC6661871E23959 /* Pods-FastlaneDemoTests.release.xcconfig */ = {isa = PBXFileReference; includeInIndex = 1; lastKnownFileType = text.xcconfig; name = "Pods-FastlaneDemoTests.release.xcconfig"; path = "Pods/Target Support Files/Pods-FastlaneDemoTests/Pods-FastlaneDemoTests.release.xcconfig"; sourceTree = "<group>"; };
		05780A3999B8291923422DA3 /* Pods-FastlaneDemoUITests.release.xcconfig */ = {isa = PBXFileReference; includeInIndex = 1; lastKnownFileType = text.xcconfig; name = "Pods-FastlaneDemoUITests.release.xcconfig"; path = "Pods/Target Support Files/Pods-FastlaneDemoUITests/Pods-FastlaneDemoUITests.release.xcconfig"; sourceTree = "<group>"; };
		238F0B042015B69900CAEAFC /* FastlaneDemo.app */ = {isa = PBXFileReference; explicitFileType = wrapper.application; includeInIndex = 0; path = FastlaneDemo.app; sourceTree = BUILT_PRODUCTS_DIR; };
		238F0B072015B69900CAEAFC /* AppDelegate.swift */ = {isa = PBXFileReference; lastKnownFileType = sourcecode.swift; path = AppDelegate.swift; sourceTree = "<group>"; };
		238F0B092015B69900CAEAFC /* ViewController.swift */ = {isa = PBXFileReference; lastKnownFileType = sourcecode.swift; path = ViewController.swift; sourceTree = "<group>"; };
		238F0B0C2015B69900CAEAFC /* Base */ = {isa = PBXFileReference; lastKnownFileType = file.storyboard; name = Base; path = Base.lproj/Main.storyboard; sourceTree = "<group>"; };
		238F0B0E2015B69900CAEAFC /* Assets.xcassets */ = {isa = PBXFileReference; lastKnownFileType = folder.assetcatalog; path = Assets.xcassets; sourceTree = "<group>"; };
		238F0B112015B69900CAEAFC /* Base */ = {isa = PBXFileReference; lastKnownFileType = file.storyboard; name = Base; path = Base.lproj/LaunchScreen.storyboard; sourceTree = "<group>"; };
		238F0B132015B69900CAEAFC /* Info.plist */ = {isa = PBXFileReference; lastKnownFileType = text.plist.xml; path = Info.plist; sourceTree = "<group>"; };
		238F0B182015B69900CAEAFC /* FastlaneDemoTests.xctest */ = {isa = PBXFileReference; explicitFileType = wrapper.cfbundle; includeInIndex = 0; path = FastlaneDemoTests.xctest; sourceTree = BUILT_PRODUCTS_DIR; };
		238F0B1C2015B69900CAEAFC /* FastlaneDemoTests.swift */ = {isa = PBXFileReference; lastKnownFileType = sourcecode.swift; path = FastlaneDemoTests.swift; sourceTree = "<group>"; };
		238F0B1E2015B69900CAEAFC /* Info.plist */ = {isa = PBXFileReference; lastKnownFileType = text.plist.xml; path = Info.plist; sourceTree = "<group>"; };
		238F0B232015B69A00CAEAFC /* FastlaneDemoUITests.xctest */ = {isa = PBXFileReference; explicitFileType = wrapper.cfbundle; includeInIndex = 0; path = FastlaneDemoUITests.xctest; sourceTree = BUILT_PRODUCTS_DIR; };
		238F0B272015B69A00CAEAFC /* FastlaneDemoUITests.swift */ = {isa = PBXFileReference; lastKnownFileType = sourcecode.swift; path = FastlaneDemoUITests.swift; sourceTree = "<group>"; };
		238F0B292015B69A00CAEAFC /* Info.plist */ = {isa = PBXFileReference; lastKnownFileType = text.plist.xml; path = Info.plist; sourceTree = "<group>"; };
		31CD807A7D8B4ECE416ADAD5 /* Pods-FastlaneDemo.release.xcconfig */ = {isa = PBXFileReference; includeInIndex = 1; lastKnownFileType = text.xcconfig; name = "Pods-FastlaneDemo.release.xcconfig"; path = "Pods/Target Support Files/Pods-FastlaneDemo/Pods-FastlaneDemo.release.xcconfig"; sourceTree = "<group>"; };
		404B64D52607B560EA8C58E0 /* Pods-FastlaneDemoTests.debug.xcconfig */ = {isa = PBXFileReference; includeInIndex = 1; lastKnownFileType = text.xcconfig; name = "Pods-FastlaneDemoTests.debug.xcconfig"; path = "Pods/Target Support Files/Pods-FastlaneDemoTests/Pods-FastlaneDemoTests.debug.xcconfig"; sourceTree = "<group>"; };
		5F48AFC621CD6630DE38E591 /* Pods-FastlaneDemo.debug.xcconfig */ = {isa = PBXFileReference; includeInIndex = 1; lastKnownFileType = text.xcconfig; name = "Pods-FastlaneDemo.debug.xcconfig"; path = "Pods/Target Support Files/Pods-FastlaneDemo/Pods-FastlaneDemo.debug.xcconfig"; sourceTree = "<group>"; };
		8478400020173D9B00453195 /* SKYWebView.framework */ = {isa = PBXFileReference; explicitFileType = wrapper.framework; path = SKYWebView.framework; sourceTree = BUILT_PRODUCTS_DIR; };
		8897F34900F0B47A7D6EF44F /* Pods_FastlaneDemoUITests.framework */ = {isa = PBXFileReference; explicitFileType = wrapper.framework; includeInIndex = 0; path = Pods_FastlaneDemoUITests.framework; sourceTree = BUILT_PRODUCTS_DIR; };
		D4581D8983D2AC9B3B3346A1 /* Pods-FastlaneDemoUITests.debug.xcconfig */ = {isa = PBXFileReference; includeInIndex = 1; lastKnownFileType = text.xcconfig; name = "Pods-FastlaneDemoUITests.debug.xcconfig"; path = "Pods/Target Support Files/Pods-FastlaneDemoUITests/Pods-FastlaneDemoUITests.debug.xcconfig"; sourceTree = "<group>"; };
		EDB518469E4FF025B14237F7 /* Pods_FastlaneDemo.framework */ = {isa = PBXFileReference; explicitFileType = wrapper.framework; includeInIndex = 0; path = Pods_FastlaneDemo.framework; sourceTree = BUILT_PRODUCTS_DIR; };
		FF9DA14C2E28E6E82A35A766 /* Pods_FastlaneDemoTests.framework */ = {isa = PBXFileReference; explicitFileType = wrapper.framework; includeInIndex = 0; path = Pods_FastlaneDemoTests.framework; sourceTree = BUILT_PRODUCTS_DIR; };
/* End PBXFileReference section */

/* Begin PBXFrameworksBuildPhase section */
		238F0B012015B69900CAEAFC /* Frameworks */ = {
			isa = PBXFrameworksBuildPhase;
			buildActionMask = 2147483647;
			files = (
				84783FFF20173D9B00453195 /* SKYWebView.framework in Frameworks */,
				86BCB28B775520AE0746BC92 /* Pods_FastlaneDemo.framework in Frameworks */,
			);
			runOnlyForDeploymentPostprocessing = 0;
		};
		238F0B152015B69900CAEAFC /* Frameworks */ = {
			isa = PBXFrameworksBuildPhase;
			buildActionMask = 2147483647;
			files = (
				6E0CD86D37F8F55C67D31988 /* Pods_FastlaneDemoTests.framework in Frameworks */,
			);
			runOnlyForDeploymentPostprocessing = 0;
		};
		238F0B202015B69A00CAEAFC /* Frameworks */ = {
			isa = PBXFrameworksBuildPhase;
			buildActionMask = 2147483647;
			files = (
				727016B7E48A1F68CD150D15 /* Pods_FastlaneDemoUITests.framework in Frameworks */,
			);
			runOnlyForDeploymentPostprocessing = 0;
		};
/* End PBXFrameworksBuildPhase section */

/* Begin PBXGroup section */
		238F0AFB2015B69900CAEAFC = {
			isa = PBXGroup;
			children = (
				238F0B062015B69900CAEAFC /* FastlaneDemo */,
				238F0B1B2015B69900CAEAFC /* FastlaneDemoTests */,
				238F0B262015B69A00CAEAFC /* FastlaneDemoUITests */,
				238F0B052015B69900CAEAFC /* Products */,
				C2F974D7148FA5688DE536CF /* Pods */,
				E0AE508FEFEA856C19660E43 /* Frameworks */,
			);
			sourceTree = "<group>";
		};
		238F0B052015B69900CAEAFC /* Products */ = {
			isa = PBXGroup;
			children = (
				238F0B042015B69900CAEAFC /* FastlaneDemo.app */,
				238F0B182015B69900CAEAFC /* FastlaneDemoTests.xctest */,
				238F0B232015B69A00CAEAFC /* FastlaneDemoUITests.xctest */,
			);
			name = Products;
			sourceTree = "<group>";
		};
		238F0B062015B69900CAEAFC /* FastlaneDemo */ = {
			isa = PBXGroup;
			children = (
				238F0B072015B69900CAEAFC /* AppDelegate.swift */,
				238F0B092015B69900CAEAFC /* ViewController.swift */,
				238F0B0B2015B69900CAEAFC /* Main.storyboard */,
				238F0B0E2015B69900CAEAFC /* Assets.xcassets */,
				238F0B102015B69900CAEAFC /* LaunchScreen.storyboard */,
				238F0B132015B69900CAEAFC /* Info.plist */,
			);
			path = FastlaneDemo;
			sourceTree = "<group>";
		};
		238F0B1B2015B69900CAEAFC /* FastlaneDemoTests */ = {
			isa = PBXGroup;
			children = (
				238F0B1C2015B69900CAEAFC /* FastlaneDemoTests.swift */,
				238F0B1E2015B69900CAEAFC /* Info.plist */,
			);
			path = FastlaneDemoTests;
			sourceTree = "<group>";
		};
		238F0B262015B69A00CAEAFC /* FastlaneDemoUITests */ = {
			isa = PBXGroup;
			children = (
				238F0B272015B69A00CAEAFC /* FastlaneDemoUITests.swift */,
				238F0B292015B69A00CAEAFC /* Info.plist */,
			);
			path = FastlaneDemoUITests;
			sourceTree = "<group>";
		};
		C2F974D7148FA5688DE536CF /* Pods */ = {
			isa = PBXGroup;
			children = (
				5F48AFC621CD6630DE38E591 /* Pods-FastlaneDemo.debug.xcconfig */,
				31CD807A7D8B4ECE416ADAD5 /* Pods-FastlaneDemo.release.xcconfig */,
				404B64D52607B560EA8C58E0 /* Pods-FastlaneDemoTests.debug.xcconfig */,
				043DC2685BC6661871E23959 /* Pods-FastlaneDemoTests.release.xcconfig */,
				D4581D8983D2AC9B3B3346A1 /* Pods-FastlaneDemoUITests.debug.xcconfig */,
				05780A3999B8291923422DA3 /* Pods-FastlaneDemoUITests.release.xcconfig */,
			);
			name = Pods;
			sourceTree = "<group>";
		};
		E0AE508FEFEA856C19660E43 /* Frameworks */ = {
			isa = PBXGroup;
			children = (
				8478400020173D9B00453195 /* SKYWebView.framework */,
				EDB518469E4FF025B14237F7 /* Pods_FastlaneDemo.framework */,
				FF9DA14C2E28E6E82A35A766 /* Pods_FastlaneDemoTests.framework */,
				8897F34900F0B47A7D6EF44F /* Pods_FastlaneDemoUITests.framework */,
			);
			name = Frameworks;
			sourceTree = "<group>";
		};
/* End PBXGroup section */

/* Begin PBXNativeTarget section */
		238F0B032015B69900CAEAFC /* FastlaneDemo */ = {
			isa = PBXNativeTarget;
			buildConfigurationList = 238F0B2C2015B69A00CAEAFC /* Build configuration list for PBXNativeTarget "FastlaneDemo" */;
			buildPhases = (
				955F821EF313C1F8D987801F /* [CP] Check Pods Manifest.lock */,
				238F0B002015B69900CAEAFC /* Sources */,
				238F0B012015B69900CAEAFC /* Frameworks */,
				238F0B022015B69900CAEAFC /* Resources */,
				F6D22C64DC389216E4D9B4EC /* [CP] Embed Pods Frameworks */,
				3189B4FCA649CA02A26CEF18 /* [CP] Copy Pods Resources */,
			);
			buildRules = (
			);
			dependencies = (
			);
			name = FastlaneDemo;
			productName = FastlaneDemo;
			productReference = 238F0B042015B69900CAEAFC /* FastlaneDemo.app */;
			productType = "com.apple.product-type.application";
		};
		238F0B172015B69900CAEAFC /* FastlaneDemoTests */ = {
			isa = PBXNativeTarget;
			buildConfigurationList = 238F0B2F2015B69A00CAEAFC /* Build configuration list for PBXNativeTarget "FastlaneDemoTests" */;
			buildPhases = (
				05C6E7DF3891D3F83B470A9E /* [CP] Check Pods Manifest.lock */,
				238F0B142015B69900CAEAFC /* Sources */,
				238F0B152015B69900CAEAFC /* Frameworks */,
				238F0B162015B69900CAEAFC /* Resources */,
				65A4AD9CA21D6E8304E21C52 /* [CP] Embed Pods Frameworks */,
				0FE1ACD3742EB7F68DFE7CB9 /* [CP] Copy Pods Resources */,
			);
			buildRules = (
			);
			dependencies = (
				238F0B1A2015B69900CAEAFC /* PBXTargetDependency */,
			);
			name = FastlaneDemoTests;
			productName = FastlaneDemoTests;
			productReference = 238F0B182015B69900CAEAFC /* FastlaneDemoTests.xctest */;
			productType = "com.apple.product-type.bundle.unit-test";
		};
		238F0B222015B69A00CAEAFC /* FastlaneDemoUITests */ = {
			isa = PBXNativeTarget;
			buildConfigurationList = 238F0B322015B69A00CAEAFC /* Build configuration list for PBXNativeTarget "FastlaneDemoUITests" */;
			buildPhases = (
				3081CEDE6E8BA811B1835E81 /* [CP] Check Pods Manifest.lock */,
				238F0B1F2015B69A00CAEAFC /* Sources */,
				238F0B202015B69A00CAEAFC /* Frameworks */,
				238F0B212015B69A00CAEAFC /* Resources */,
				E79D63D9E276119F5796F923 /* [CP] Embed Pods Frameworks */,
				19ECA9813843D4D5EAD69465 /* [CP] Copy Pods Resources */,
			);
			buildRules = (
			);
			dependencies = (
				238F0B252015B69A00CAEAFC /* PBXTargetDependency */,
			);
			name = FastlaneDemoUITests;
			productName = FastlaneDemoUITests;
			productReference = 238F0B232015B69A00CAEAFC /* FastlaneDemoUITests.xctest */;
			productType = "com.apple.product-type.bundle.ui-testing";
		};
/* End PBXNativeTarget section */

/* Begin PBXProject section */
		238F0AFC2015B69900CAEAFC /* Project object */ = {
			isa = PBXProject;
			attributes = {
				LastSwiftUpdateCheck = 0920;
				LastUpgradeCheck = 0920;
				ORGANIZATIONNAME = SkyRim;
				TargetAttributes = {
					238F0B032015B69900CAEAFC = {
						CreatedOnToolsVersion = 9.2;
						ProvisioningStyle = Automatic;
					};
					238F0B172015B69900CAEAFC = {
						CreatedOnToolsVersion = 9.2;
						ProvisioningStyle = Automatic;
						TestTargetID = 238F0B032015B69900CAEAFC;
					};
					238F0B222015B69A00CAEAFC = {
						CreatedOnToolsVersion = 9.2;
						ProvisioningStyle = Automatic;
						TestTargetID = 238F0B032015B69900CAEAFC;
					};
				};
			};
			buildConfigurationList = 238F0AFF2015B69900CAEAFC /* Build configuration list for PBXProject "FastlaneDemo" */;
			compatibilityVersion = "Xcode 8.0";
			developmentRegion = en;
			hasScannedForEncodings = 0;
			knownRegions = (
				en,
				Base,
			);
			mainGroup = 238F0AFB2015B69900CAEAFC;
			productRefGroup = 238F0B052015B69900CAEAFC /* Products */;
			projectDirPath = "";
			projectRoot = "";
			targets = (
				238F0B032015B69900CAEAFC /* FastlaneDemo */,
				238F0B172015B69900CAEAFC /* FastlaneDemoTests */,
				238F0B222015B69A00CAEAFC /* FastlaneDemoUITests */,
			);
		};
/* End PBXProject section */

/* Begin PBXResourcesBuildPhase section */
		238F0B022015B69900CAEAFC /* Resources */ = {
			isa = PBXResourcesBuildPhase;
			buildActionMask = 2147483647;
			files = (
				238F0B122015B69900CAEAFC /* LaunchScreen.storyboard in Resources */,
				238F0B0F2015B69900CAEAFC /* Assets.xcassets in Resources */,
				238F0B0D2015B69900CAEAFC /* Main.storyboard in Resources */,
			);
			runOnlyForDeploymentPostprocessing = 0;
		};
		238F0B162015B69900CAEAFC /* Resources */ = {
			isa = PBXResourcesBuildPhase;
			buildActionMask = 2147483647;
			files = (
			);
			runOnlyForDeploymentPostprocessing = 0;
		};
		238F0B212015B69A00CAEAFC /* Resources */ = {
			isa = PBXResourcesBuildPhase;
			buildActionMask = 2147483647;
			files = (
			);
			runOnlyForDeploymentPostprocessing = 0;
		};
/* End PBXResourcesBuildPhase section */

/* Begin PBXShellScriptBuildPhase section */
		05C6E7DF3891D3F83B470A9E /* [CP] Check Pods Manifest.lock */ = {
			isa = PBXShellScriptBuildPhase;
			buildActionMask = 2147483647;
			files = (
			);
			inputPaths = (
			);
			name = "[CP] Check Pods Manifest.lock";
			outputPaths = (
			);
			runOnlyForDeploymentPostprocessing = 0;
			shellPath = /bin/sh;
			shellScript = "diff \"${PODS_PODFILE_DIR_PATH}/Podfile.lock\" \"${PODS_ROOT}/Manifest.lock\" > /dev/null\nif [ $? != 0 ] ; then\n    # print error to STDERR\n    echo \"error: The sandbox is not in sync with the Podfile.lock. Run 'pod install' or update your CocoaPods installation.\" >&2\n    exit 1\nfi\n";
			showEnvVarsInLog = 0;
		};
		0FE1ACD3742EB7F68DFE7CB9 /* [CP] Copy Pods Resources */ = {
			isa = PBXShellScriptBuildPhase;
			buildActionMask = 2147483647;
			files = (
			);
			inputPaths = (
			);
			name = "[CP] Copy Pods Resources";
			outputPaths = (
			);
			runOnlyForDeploymentPostprocessing = 0;
			shellPath = /bin/sh;
			shellScript = "\"${SRCROOT}/Pods/Target Support Files/Pods-FastlaneDemoTests/Pods-FastlaneDemoTests-resources.sh\"\n";
			showEnvVarsInLog = 0;
		};
		19ECA9813843D4D5EAD69465 /* [CP] Copy Pods Resources */ = {
			isa = PBXShellScriptBuildPhase;
			buildActionMask = 2147483647;
			files = (
			);
			inputPaths = (
			);
			name = "[CP] Copy Pods Resources";
			outputPaths = (
			);
			runOnlyForDeploymentPostprocessing = 0;
			shellPath = /bin/sh;
			shellScript = "\"${SRCROOT}/Pods/Target Support Files/Pods-FastlaneDemoUITests/Pods-FastlaneDemoUITests-resources.sh\"\n";
			showEnvVarsInLog = 0;
		};
		3081CEDE6E8BA811B1835E81 /* [CP] Check Pods Manifest.lock */ = {
			isa = PBXShellScriptBuildPhase;
			buildActionMask = 2147483647;
			files = (
			);
			inputPaths = (
			);
			name = "[CP] Check Pods Manifest.lock";
			outputPaths = (
			);
			runOnlyForDeploymentPostprocessing = 0;
			shellPath = /bin/sh;
			shellScript = "diff \"${PODS_PODFILE_DIR_PATH}/Podfile.lock\" \"${PODS_ROOT}/Manifest.lock\" > /dev/null\nif [ $? != 0 ] ; then\n    # print error to STDERR\n    echo \"error: The sandbox is not in sync with the Podfile.lock. Run 'pod install' or update your CocoaPods installation.\" >&2\n    exit 1\nfi\n";
			showEnvVarsInLog = 0;
		};
		3189B4FCA649CA02A26CEF18 /* [CP] Copy Pods Resources */ = {
			isa = PBXShellScriptBuildPhase;
			buildActionMask = 2147483647;
			files = (
			);
			inputPaths = (
			);
			name = "[CP] Copy Pods Resources";
			outputPaths = (
			);
			runOnlyForDeploymentPostprocessing = 0;
			shellPath = /bin/sh;
			shellScript = "\"${SRCROOT}/Pods/Target Support Files/Pods-FastlaneDemo/Pods-FastlaneDemo-resources.sh\"\n";
			showEnvVarsInLog = 0;
		};
		65A4AD9CA21D6E8304E21C52 /* [CP] Embed Pods Frameworks */ = {
			isa = PBXShellScriptBuildPhase;
			buildActionMask = 2147483647;
			files = (
			);
			inputPaths = (
			);
			name = "[CP] Embed Pods Frameworks";
			outputPaths = (
			);
			runOnlyForDeploymentPostprocessing = 0;
			shellPath = /bin/sh;
			shellScript = "\"${SRCROOT}/Pods/Target Support Files/Pods-FastlaneDemoTests/Pods-FastlaneDemoTests-frameworks.sh\"\n";
			showEnvVarsInLog = 0;
		};
		955F821EF313C1F8D987801F /* [CP] Check Pods Manifest.lock */ = {
			isa = PBXShellScriptBuildPhase;
			buildActionMask = 2147483647;
			files = (
			);
			inputPaths = (
			);
			name = "[CP] Check Pods Manifest.lock";
			outputPaths = (
			);
			runOnlyForDeploymentPostprocessing = 0;
			shellPath = /bin/sh;
			shellScript = "diff \"${PODS_PODFILE_DIR_PATH}/Podfile.lock\" \"${PODS_ROOT}/Manifest.lock\" > /dev/null\nif [ $? != 0 ] ; then\n    # print error to STDERR\n    echo \"error: The sandbox is not in sync with the Podfile.lock. Run 'pod install' or update your CocoaPods installation.\" >&2\n    exit 1\nfi\n";
			showEnvVarsInLog = 0;
		};
		E79D63D9E276119F5796F923 /* [CP] Embed Pods Frameworks */ = {
			isa = PBXShellScriptBuildPhase;
			buildActionMask = 2147483647;
			files = (
			);
			inputPaths = (
			);
			name = "[CP] Embed Pods Frameworks";
			outputPaths = (
			);
			runOnlyForDeploymentPostprocessing = 0;
			shellPath = /bin/sh;
			shellScript = "\"${SRCROOT}/Pods/Target Support Files/Pods-FastlaneDemoUITests/Pods-FastlaneDemoUITests-frameworks.sh\"\n";
			showEnvVarsInLog = 0;
		};
		F6D22C64DC389216E4D9B4EC /* [CP] Embed Pods Frameworks */ = {
			isa = PBXShellScriptBuildPhase;
			buildActionMask = 2147483647;
			files = (
			);
			inputPaths = (
			);
			name = "[CP] Embed Pods Frameworks";
			outputPaths = (
			);
			runOnlyForDeploymentPostprocessing = 0;
			shellPath = /bin/sh;
			shellScript = "\"${SRCROOT}/Pods/Target Support Files/Pods-FastlaneDemo/Pods-FastlaneDemo-frameworks.sh\"\n";
			showEnvVarsInLog = 0;
		};
/* End PBXShellScriptBuildPhase section */

/* Begin PBXSourcesBuildPhase section */
		238F0B002015B69900CAEAFC /* Sources */ = {
			isa = PBXSourcesBuildPhase;
			buildActionMask = 2147483647;
			files = (
				238F0B0A2015B69900CAEAFC /* ViewController.swift in Sources */,
				238F0B082015B69900CAEAFC /* AppDelegate.swift in Sources */,
			);
			runOnlyForDeploymentPostprocessing = 0;
		};
		238F0B142015B69900CAEAFC /* Sources */ = {
			isa = PBXSourcesBuildPhase;
			buildActionMask = 2147483647;
			files = (
				238F0B1D2015B69900CAEAFC /* FastlaneDemoTests.swift in Sources */,
			);
			runOnlyForDeploymentPostprocessing = 0;
		};
		238F0B1F2015B69A00CAEAFC /* Sources */ = {
			isa = PBXSourcesBuildPhase;
			buildActionMask = 2147483647;
			files = (
				238F0B282015B69A00CAEAFC /* FastlaneDemoUITests.swift in Sources */,
			);
			runOnlyForDeploymentPostprocessing = 0;
		};
/* End PBXSourcesBuildPhase section */

/* Begin PBXTargetDependency section */
		238F0B1A2015B69900CAEAFC /* PBXTargetDependency */ = {
			isa = PBXTargetDependency;
			target = 238F0B032015B69900CAEAFC /* FastlaneDemo */;
			targetProxy = 238F0B192015B69900CAEAFC /* PBXContainerItemProxy */;
		};
		238F0B252015B69A00CAEAFC /* PBXTargetDependency */ = {
			isa = PBXTargetDependency;
			target = 238F0B032015B69900CAEAFC /* FastlaneDemo */;
			targetProxy = 238F0B242015B69A00CAEAFC /* PBXContainerItemProxy */;
		};
/* End PBXTargetDependency section */

/* Begin PBXVariantGroup section */
		238F0B0B2015B69900CAEAFC /* Main.storyboard */ = {
			isa = PBXVariantGroup;
			children = (
				238F0B0C2015B69900CAEAFC /* Base */,
			);
			name = Main.storyboard;
			sourceTree = "<group>";
		};
		238F0B102015B69900CAEAFC /* LaunchScreen.storyboard */ = {
			isa = PBXVariantGroup;
			children = (
				238F0B112015B69900CAEAFC /* Base */,
			);
			name = LaunchScreen.storyboard;
			sourceTree = "<group>";
		};
/* End PBXVariantGroup section */

/* Begin XCBuildConfiguration section */
		238F0B2A2015B69A00CAEAFC /* Debug */ = {
			isa = XCBuildConfiguration;
			buildSettings = {
				ALWAYS_SEARCH_USER_PATHS = NO;
				CLANG_ANALYZER_NONNULL = YES;
				CLANG_ANALYZER_NUMBER_OBJECT_CONVERSION = YES_AGGRESSIVE;
				CLANG_CXX_LANGUAGE_STANDARD = "gnu++14";
				CLANG_CXX_LIBRARY = "libc++";
				CLANG_ENABLE_MODULES = YES;
				CLANG_ENABLE_OBJC_ARC = YES;
				CLANG_WARN_BLOCK_CAPTURE_AUTORELEASING = YES;
				CLANG_WARN_BOOL_CONVERSION = YES;
				CLANG_WARN_COMMA = YES;
				CLANG_WARN_CONSTANT_CONVERSION = YES;
				CLANG_WARN_DIRECT_OBJC_ISA_USAGE = YES_ERROR;
				CLANG_WARN_DOCUMENTATION_COMMENTS = YES;
				CLANG_WARN_EMPTY_BODY = YES;
				CLANG_WARN_ENUM_CONVERSION = YES;
				CLANG_WARN_INFINITE_RECURSION = YES;
				CLANG_WARN_INT_CONVERSION = YES;
				CLANG_WARN_NON_LITERAL_NULL_CONVERSION = YES;
				CLANG_WARN_OBJC_LITERAL_CONVERSION = YES;
				CLANG_WARN_OBJC_ROOT_CLASS = YES_ERROR;
				CLANG_WARN_RANGE_LOOP_ANALYSIS = YES;
				CLANG_WARN_STRICT_PROTOTYPES = YES;
				CLANG_WARN_SUSPICIOUS_MOVE = YES;
				CLANG_WARN_UNGUARDED_AVAILABILITY = YES_AGGRESSIVE;
				CLANG_WARN_UNREACHABLE_CODE = YES;
				CLANG_WARN__DUPLICATE_METHOD_MATCH = YES;
				CODE_SIGN_IDENTITY = "iPhone Developer";
				COPY_PHASE_STRIP = NO;
				DEBUG_INFORMATION_FORMAT = dwarf;
				ENABLE_STRICT_OBJC_MSGSEND = YES;
				ENABLE_TESTABILITY = YES;
				GCC_C_LANGUAGE_STANDARD = gnu11;
				GCC_DYNAMIC_NO_PIC = NO;
				GCC_NO_COMMON_BLOCKS = YES;
				GCC_OPTIMIZATION_LEVEL = 0;
				GCC_PREPROCESSOR_DEFINITIONS = (
					"DEBUG=1",
					"$(inherited)",
				);
				GCC_WARN_64_TO_32_BIT_CONVERSION = YES;
				GCC_WARN_ABOUT_RETURN_TYPE = YES_ERROR;
				GCC_WARN_UNDECLARED_SELECTOR = YES;
				GCC_WARN_UNINITIALIZED_AUTOS = YES_AGGRESSIVE;
				GCC_WARN_UNUSED_FUNCTION = YES;
				GCC_WARN_UNUSED_VARIABLE = YES;
				IPHONEOS_DEPLOYMENT_TARGET = 11.2;
				MTL_ENABLE_DEBUG_INFO = YES;
				ONLY_ACTIVE_ARCH = YES;
				SDKROOT = iphoneos;
				SWIFT_ACTIVE_COMPILATION_CONDITIONS = DEBUG;
				SWIFT_OPTIMIZATION_LEVEL = "-Onone";
			};
			name = Debug;
		};
		238F0B2B2015B69A00CAEAFC /* Release */ = {
			isa = XCBuildConfiguration;
			buildSettings = {
				ALWAYS_SEARCH_USER_PATHS = NO;
				CLANG_ANALYZER_NONNULL = YES;
				CLANG_ANALYZER_NUMBER_OBJECT_CONVERSION = YES_AGGRESSIVE;
				CLANG_CXX_LANGUAGE_STANDARD = "gnu++14";
				CLANG_CXX_LIBRARY = "libc++";
				CLANG_ENABLE_MODULES = YES;
				CLANG_ENABLE_OBJC_ARC = YES;
				CLANG_WARN_BLOCK_CAPTURE_AUTORELEASING = YES;
				CLANG_WARN_BOOL_CONVERSION = YES;
				CLANG_WARN_COMMA = YES;
				CLANG_WARN_CONSTANT_CONVERSION = YES;
				CLANG_WARN_DIRECT_OBJC_ISA_USAGE = YES_ERROR;
				CLANG_WARN_DOCUMENTATION_COMMENTS = YES;
				CLANG_WARN_EMPTY_BODY = YES;
				CLANG_WARN_ENUM_CONVERSION = YES;
				CLANG_WARN_INFINITE_RECURSION = YES;
				CLANG_WARN_INT_CONVERSION = YES;
				CLANG_WARN_NON_LITERAL_NULL_CONVERSION = YES;
				CLANG_WARN_OBJC_LITERAL_CONVERSION = YES;
				CLANG_WARN_OBJC_ROOT_CLASS = YES_ERROR;
				CLANG_WARN_RANGE_LOOP_ANALYSIS = YES;
				CLANG_WARN_STRICT_PROTOTYPES = YES;
				CLANG_WARN_SUSPICIOUS_MOVE = YES;
				CLANG_WARN_UNGUARDED_AVAILABILITY = YES_AGGRESSIVE;
				CLANG_WARN_UNREACHABLE_CODE = YES;
				CLANG_WARN__DUPLICATE_METHOD_MATCH = YES;
				CODE_SIGN_IDENTITY = "iPhone Developer";
				COPY_PHASE_STRIP = NO;
				DEBUG_INFORMATION_FORMAT = "dwarf-with-dsym";
				ENABLE_NS_ASSERTIONS = NO;
				ENABLE_STRICT_OBJC_MSGSEND = YES;
				GCC_C_LANGUAGE_STANDARD = gnu11;
				GCC_NO_COMMON_BLOCKS = YES;
				GCC_WARN_64_TO_32_BIT_CONVERSION = YES;
				GCC_WARN_ABOUT_RETURN_TYPE = YES_ERROR;
				GCC_WARN_UNDECLARED_SELECTOR = YES;
				GCC_WARN_UNINITIALIZED_AUTOS = YES_AGGRESSIVE;
				GCC_WARN_UNUSED_FUNCTION = YES;
				GCC_WARN_UNUSED_VARIABLE = YES;
				IPHONEOS_DEPLOYMENT_TARGET = 11.2;
				MTL_ENABLE_DEBUG_INFO = NO;
				SDKROOT = iphoneos;
				SWIFT_OPTIMIZATION_LEVEL = "-Owholemodule";
				VALIDATE_PRODUCT = YES;
			};
			name = Release;
		};
		238F0B2D2015B69A00CAEAFC /* Debug */ = {
			isa = XCBuildConfiguration;
			baseConfigurationReference = 5F48AFC621CD6630DE38E591 /* Pods-FastlaneDemo.debug.xcconfig */;
			buildSettings = {
				ASSETCATALOG_COMPILER_APPICON_NAME = AppIcon;
				CODE_SIGN_STYLE = Automatic;
				DEVELOPMENT_TEAM = E4BLV3BBQ2;
				INFOPLIST_FILE = FastlaneDemo/Info.plist;
				IPHONEOS_DEPLOYMENT_TARGET = 8.2;
				LD_RUNPATH_SEARCH_PATHS = "$(inherited) @executable_path/Frameworks";
				PRODUCT_BUNDLE_IDENTIFIER = com.skyrim.FastlaneDemo;
				PRODUCT_NAME = "$(TARGET_NAME)";
				SWIFT_VERSION = 4.0;
				TARGETED_DEVICE_FAMILY = "1,2";
			};
			name = Debug;
		};
		238F0B2E2015B69A00CAEAFC /* Release */ = {
			isa = XCBuildConfiguration;
			baseConfigurationReference = 31CD807A7D8B4ECE416ADAD5 /* Pods-FastlaneDemo.release.xcconfig */;
			buildSettings = {
				ASSETCATALOG_COMPILER_APPICON_NAME = AppIcon;
				CODE_SIGN_STYLE = Automatic;
				DEVELOPMENT_TEAM = E4BLV3BBQ2;
				INFOPLIST_FILE = FastlaneDemo/Info.plist;
				IPHONEOS_DEPLOYMENT_TARGET = 8.2;
				LD_RUNPATH_SEARCH_PATHS = "$(inherited) @executable_path/Frameworks";
				PRODUCT_BUNDLE_IDENTIFIER = com.skyrim.FastlaneDemo;
				PRODUCT_NAME = "$(TARGET_NAME)";
				SWIFT_VERSION = 4.0;
				TARGETED_DEVICE_FAMILY = "1,2";
			};
			name = Release;
		};
		238F0B302015B69A00CAEAFC /* Debug */ = {
			isa = XCBuildConfiguration;
			baseConfigurationReference = 404B64D52607B560EA8C58E0 /* Pods-FastlaneDemoTests.debug.xcconfig */;
			buildSettings = {
				ALWAYS_EMBED_SWIFT_STANDARD_LIBRARIES = YES;
				BUNDLE_LOADER = "$(TEST_HOST)";
				CODE_SIGN_STYLE = Automatic;
				DEVELOPMENT_TEAM = E4BLV3BBQ2;
				INFOPLIST_FILE = FastlaneDemoTests/Info.plist;
				LD_RUNPATH_SEARCH_PATHS = "$(inherited) @executable_path/Frameworks @loader_path/Frameworks";
				PRODUCT_BUNDLE_IDENTIFIER = com.skyrim.FastlaneDemoTests;
				PRODUCT_NAME = "$(TARGET_NAME)";
				SWIFT_VERSION = 4.0;
				TARGETED_DEVICE_FAMILY = "1,2";
				TEST_HOST = "$(BUILT_PRODUCTS_DIR)/FastlaneDemo.app/FastlaneDemo";
			};
			name = Debug;
		};
		238F0B312015B69A00CAEAFC /* Release */ = {
			isa = XCBuildConfiguration;
			baseConfigurationReference = 043DC2685BC6661871E23959 /* Pods-FastlaneDemoTests.release.xcconfig */;
			buildSettings = {
				ALWAYS_EMBED_SWIFT_STANDARD_LIBRARIES = YES;
				BUNDLE_LOADER = "$(TEST_HOST)";
				CODE_SIGN_STYLE = Automatic;
				DEVELOPMENT_TEAM = E4BLV3BBQ2;
				INFOPLIST_FILE = FastlaneDemoTests/Info.plist;
				LD_RUNPATH_SEARCH_PATHS = "$(inherited) @executable_path/Frameworks @loader_path/Frameworks";
				PRODUCT_BUNDLE_IDENTIFIER = com.skyrim.FastlaneDemoTests;
				PRODUCT_NAME = "$(TARGET_NAME)";
				SWIFT_VERSION = 4.0;
				TARGETED_DEVICE_FAMILY = "1,2";
				TEST_HOST = "$(BUILT_PRODUCTS_DIR)/FastlaneDemo.app/FastlaneDemo";
			};
			name = Release;
		};
		238F0B332015B69A00CAEAFC /* Debug */ = {
			isa = XCBuildConfiguration;
			baseConfigurationReference = D4581D8983D2AC9B3B3346A1 /* Pods-FastlaneDemoUITests.debug.xcconfig */;
			buildSettings = {
				ALWAYS_EMBED_SWIFT_STANDARD_LIBRARIES = YES;
				CODE_SIGN_STYLE = Automatic;
				DEVELOPMENT_TEAM = E4BLV3BBQ2;
				INFOPLIST_FILE = FastlaneDemoUITests/Info.plist;
				LD_RUNPATH_SEARCH_PATHS = "$(inherited) @executable_path/Frameworks @loader_path/Frameworks";
				PRODUCT_BUNDLE_IDENTIFIER = com.skyrim.FastlaneDemoUITests;
				PRODUCT_NAME = "$(TARGET_NAME)";
				SWIFT_VERSION = 4.0;
				TARGETED_DEVICE_FAMILY = "1,2";
				TEST_TARGET_NAME = FastlaneDemo;
			};
			name = Debug;
		};
		238F0B342015B69A00CAEAFC /* Release */ = {
			isa = XCBuildConfiguration;
			baseConfigurationReference = 05780A3999B8291923422DA3 /* Pods-FastlaneDemoUITests.release.xcconfig */;
			buildSettings = {
				ALWAYS_EMBED_SWIFT_STANDARD_LIBRARIES = YES;
				CODE_SIGN_STYLE = Automatic;
				DEVELOPMENT_TEAM = E4BLV3BBQ2;
				INFOPLIST_FILE = FastlaneDemoUITests/Info.plist;
				LD_RUNPATH_SEARCH_PATHS = "$(inherited) @executable_path/Frameworks @loader_path/Frameworks";
				PRODUCT_BUNDLE_IDENTIFIER = com.skyrim.FastlaneDemoUITests;
				PRODUCT_NAME = "$(TARGET_NAME)";
				SWIFT_VERSION = 4.0;
				TARGETED_DEVICE_FAMILY = "1,2";
				TEST_TARGET_NAME = FastlaneDemo;
			};
			name = Release;
		};
/* End XCBuildConfiguration section */

/* Begin XCConfigurationList section */
		238F0AFF2015B69900CAEAFC /* Build configuration list for PBXProject "FastlaneDemo" */ = {
			isa = XCConfigurationList;
			buildConfigurations = (
				238F0B2A2015B69A00CAEAFC /* Debug */,
				238F0B2B2015B69A00CAEAFC /* Release */,
			);
			defaultConfigurationIsVisible = 0;
			defaultConfigurationName = Release;
		};
		238F0B2C2015B69A00CAEAFC /* Build configuration list for PBXNativeTarget "FastlaneDemo" */ = {
			isa = XCConfigurationList;
			buildConfigurations = (
				238F0B2D2015B69A00CAEAFC /* Debug */,
				238F0B2E2015B69A00CAEAFC /* Release */,
			);
			defaultConfigurationIsVisible = 0;
			defaultConfigurationName = Release;
		};
		238F0B2F2015B69A00CAEAFC /* Build configuration list for PBXNativeTarget "FastlaneDemoTests" */ = {
			isa = XCConfigurationList;
			buildConfigurations = (
				238F0B302015B69A00CAEAFC /* Debug */,
				238F0B312015B69A00CAEAFC /* Release */,
			);
			defaultConfigurationIsVisible = 0;
			defaultConfigurationName = Release;
		};
		238F0B322015B69A00CAEAFC /* Build configuration list for PBXNativeTarget "FastlaneDemoUITests" */ = {
			isa = XCConfigurationList;
			buildConfigurations = (
				238F0B332015B69A00CAEAFC /* Debug */,
				238F0B342015B69A00CAEAFC /* Release */,
			);
			defaultConfigurationIsVisible = 0;
			defaultConfigurationName = Release;
		};
/* End XCConfigurationList section */
	};
	rootObject = 238F0AFC2015B69900CAEAFC /* Project object */;
}
